// !$*UTF8*$!
{
	archiveVersion = 1;
	classes = {
	};
	objectVersion = 77;
	objects = {

/* Begin PBXContainerItemProxy section */
		152A78832E9F300800109DBD /* PBXContainerItemProxy */ = {
			isa = PBXContainerItemProxy;
			containerPortal = 152A786D2E9F300700109DBD /* Project object */;
			proxyType = 1;
			remoteGlobalIDString = 152A78742E9F300700109DBD;
			remoteInfo = "LemonRestaurant-Ch4";
		};
		152A788D2E9F300800109DBD /* PBXContainerItemProxy */ = {
			isa = PBXContainerItemProxy;
			containerPortal = 152A786D2E9F300700109DBD /* Project object */;
			proxyType = 1;
			remoteGlobalIDString = 152A78742E9F300700109DBD;
			remoteInfo = "LemonRestaurant-Ch4";
		};
/* End PBXContainerItemProxy section */

/* Begin PBXFileReference section */
		152A78752E9F300700109DBD /* LemonRestaurant-Ch4.app */ = {isa = PBXFileReference; explicitFileType = wrapper.application; includeInIndex = 0; path = "LemonRestaurant-Ch4.app"; sourceTree = BUILT_PRODUCTS_DIR; };
		152A78822E9F300800109DBD /* LemonRestaurant-Ch4Tests.xctest */ = {isa = PBXFileReference; explicitFileType = wrapper.cfbundle; includeInIndex = 0; path = "LemonRestaurant-Ch4Tests.xctest"; sourceTree = BUILT_PRODUCTS_DIR; };
		152A788C2E9F300800109DBD /* LemonRestaurant-Ch4UITests.xctest */ = {isa = PBXFileReference; explicitFileType = wrapper.cfbundle; includeInIndex = 0; path = "LemonRestaurant-Ch4UITests.xctest"; sourceTree = BUILT_PRODUCTS_DIR; };
/* End PBXFileReference section */

/* Begin PBXFileSystemSynchronizedRootGroup section */
		152A78772E9F300700109DBD /* LemonRestaurant-Ch4 */ = {
			isa = PBXFileSystemSynchronizedRootGroup;
			path = "LemonRestaurant-Ch4";
			sourceTree = "<group>";
		};
		152A78852E9F300800109DBD /* LemonRestaurant-Ch4Tests */ = {
			isa = PBXFileSystemSynchronizedRootGroup;
			path = "LemonRestaurant-Ch4Tests";
			sourceTree = "<group>";
		};
		152A788F2E9F300800109DBD /* LemonRestaurant-Ch4UITests */ = {
			isa = PBXFileSystemSynchronizedRootGroup;
			path = "LemonRestaurant-Ch4UITests";
			sourceTree = "<group>";
		};
		1559F0212EA1C4E0001A1763 /* Practices */ = {
			isa = PBXFileSystemSynchronizedRootGroup;
			path = Practices;
			sourceTree = "<group>";
		};
/* End PBXFileSystemSynchronizedRootGroup section */

/* Begin PBXFrameworksBuildPhase section */
		152A78722E9F300700109DBD /* Frameworks */ = {
			isa = PBXFrameworksBuildPhase;
			buildActionMask = 2147483647;
			files = (
			);
			runOnlyForDeploymentPostprocessing = 0;
		};
		152A787F2E9F300800109DBD /* Frameworks */ = {
			isa = PBXFrameworksBuildPhase;
			buildActionMask = 2147483647;
			files = (
			);
			runOnlyForDeploymentPostprocessing = 0;
		};
		152A78892E9F300800109DBD /* Frameworks */ = {
			isa = PBXFrameworksBuildPhase;
			buildActionMask = 2147483647;
			files = (
			);
			runOnlyForDeploymentPostprocessing = 0;
		};
/* End PBXFrameworksBuildPhase section */

/* Begin PBXGroup section */
		152A786C2E9F300700109DBD = {
			isa = PBXGroup;
			children = (
				1559F0212EA1C4E0001A1763 /* Practices */,
				152A78772E9F300700109DBD /* LemonRestaurant-Ch4 */,
				152A78852E9F300800109DBD /* LemonRestaurant-Ch4Tests */,
				152A788F2E9F300800109DBD /* LemonRestaurant-Ch4UITests */,
				152A78762E9F300700109DBD /* Products */,
			);
			sourceTree = "<group>";
		};
		152A78762E9F300700109DBD /* Products */ = {
			isa = PBXGroup;
			children = (
				152A78752E9F300700109DBD /* LemonRestaurant-Ch4.app */,
				152A78822E9F300800109DBD /* LemonRestaurant-Ch4Tests.xctest */,
				152A788C2E9F300800109DBD /* LemonRestaurant-Ch4UITests.xctest */,
			);
			name = Products;
			sourceTree = "<group>";
		};
/* End PBXGroup section */

/* Begin PBXNativeTarget section */
		152A78742E9F300700109DBD /* LemonRestaurant-Ch4 */ = {
			isa = PBXNativeTarget;
			buildConfigurationList = 152A78962E9F300800109DBD /* Build configuration list for PBXNativeTarget "LemonRestaurant-Ch4" */;
			buildPhases = (
				152A78712E9F300700109DBD /* Sources */,
				152A78722E9F300700109DBD /* Frameworks */,
				152A78732E9F300700109DBD /* Resources */,
			);
			buildRules = (
			);
			dependencies = (
			);
			fileSystemSynchronizedGroups = (
				152A78772E9F300700109DBD /* LemonRestaurant-Ch4 */,
				1559F0212EA1C4E0001A1763 /* Practices */,
			);
			name = "LemonRestaurant-Ch4";
			packageProductDependencies = (
			);
			productName = "LemonRestaurant-Ch4";
			productReference = 152A78752E9F300700109DBD /* LemonRestaurant-Ch4.app */;
			productType = "com.apple.product-type.application";
		};
		152A78812E9F300800109DBD /* LemonRestaurant-Ch4Tests */ = {
			isa = PBXNativeTarget;
			buildConfigurationList = 152A78992E9F300800109DBD /* Build configuration list for PBXNativeTarget "LemonRestaurant-Ch4Tests" */;
			buildPhases = (
				152A787E2E9F300800109DBD /* Sources */,
				152A787F2E9F300800109DBD /* Frameworks */,
				152A78802E9F300800109DBD /* Resources */,
			);
			buildRules = (
			);
			dependencies = (
				152A78842E9F300800109DBD /* PBXTargetDependency */,
			);
			fileSystemSynchronizedGroups = (
				152A78852E9F300800109DBD /* LemonRestaurant-Ch4Tests */,
			);
			name = "LemonRestaurant-Ch4Tests";
			packageProductDependencies = (
			);
			productName = "LemonRestaurant-Ch4Tests";
			productReference = 152A78822E9F300800109DBD /* LemonRestaurant-Ch4Tests.xctest */;
			productType = "com.apple.product-type.bundle.unit-test";
		};
		152A788B2E9F300800109DBD /* LemonRestaurant-Ch4UITests */ = {
			isa = PBXNativeTarget;
			buildConfigurationList = 152A789C2E9F300800109DBD /* Build configuration list for PBXNativeTarget "LemonRestaurant-Ch4UITests" */;
			buildPhases = (
				152A78882E9F300800109DBD /* Sources */,
				152A78892E9F300800109DBD /* Frameworks */,
				152A788A2E9F300800109DBD /* Resources */,
			);
			buildRules = (
			);
			dependencies = (
				152A788E2E9F300800109DBD /* PBXTargetDependency */,
			);
			fileSystemSynchronizedGroups = (
				152A788F2E9F300800109DBD /* LemonRestaurant-Ch4UITests */,
			);
			name = "LemonRestaurant-Ch4UITests";
			packageProductDependencies = (
			);
			productName = "LemonRestaurant-Ch4UITests";
			productReference = 152A788C2E9F300800109DBD /* LemonRestaurant-Ch4UITests.xctest */;
			productType = "com.apple.product-type.bundle.ui-testing";
		};
/* End PBXNativeTarget section */

/* Begin PBXProject section */
		152A786D2E9F300700109DBD /* Project object */ = {
			isa = PBXProject;
			attributes = {
				BuildIndependentTargetsInParallel = 1;
				LastSwiftUpdateCheck = 2600;
				LastUpgradeCheck = 2600;
				TargetAttributes = {
					152A78742E9F300700109DBD = {
						CreatedOnToolsVersion = 26.0.1;
					};
					152A78812E9F300800109DBD = {
						CreatedOnToolsVersion = 26.0.1;
						TestTargetID = 152A78742E9F300700109DBD;
					};
					152A788B2E9F300800109DBD = {
						CreatedOnToolsVersion = 26.0.1;
						TestTargetID = 152A78742E9F300700109DBD;
					};
				};
			};
			buildConfigurationList = 152A78702E9F300700109DBD /* Build configuration list for PBXProject "LemonRestaurant-Ch4" */;
			developmentRegion = en;
			hasScannedForEncodings = 0;
			knownRegions = (
				en,
				Base,
			);
			mainGroup = 152A786C2E9F300700109DBD;
			minimizedProjectReferenceProxies = 1;
			preferredProjectObjectVersion = 77;
			productRefGroup = 152A78762E9F300700109DBD /* Products */;
			projectDirPath = "";
			projectRoot = "";
			targets = (
				152A78742E9F300700109DBD /* LemonRestaurant-Ch4 */,
				152A78812E9F300800109DBD /* LemonRestaurant-Ch4Tests */,
				152A788B2E9F300800109DBD /* LemonRestaurant-Ch4UITests */,
			);
		};
/* End PBXProject section */

/* Begin PBXResourcesBuildPhase section */
		152A78732E9F300700109DBD /* Resources */ = {
			isa = PBXResourcesBuildPhase;
			buildActionMask = 2147483647;
			files = (
			);
			runOnlyForDeploymentPostprocessing = 0;
		};
		152A78802E9F300800109DBD /* Resources */ = {
			isa = PBXResourcesBuildPhase;
			buildActionMask = 2147483647;
			files = (
			);
			runOnlyForDeploymentPostprocessing = 0;
		};
		152A788A2E9F300800109DBD /* Resources */ = {
			isa = PBXResourcesBuildPhase;
			buildActionMask = 2147483647;
			files = (
			);
			runOnlyForDeploymentPostprocessing = 0;
		};
/* End PBXResourcesBuildPhase section */

/* Begin PBXSourcesBuildPhase section */
		152A78712E9F300700109DBD /* Sources */ = {
			isa = PBXSourcesBuildPhase;
			buildActionMask = 2147483647;
			files = (
			);
			runOnlyForDeploymentPostprocessing = 0;
		};
		152A787E2E9F300800109DBD /* Sources */ = {
			isa = PBXSourcesBuildPhase;
			buildActionMask = 2147483647;
			files = (
			);
			runOnlyForDeploymentPostprocessing = 0;
		};
		152A78882E9F300800109DBD /* Sources */ = {
			isa = PBXSourcesBuildPhase;
			buildActionMask = 2147483647;
			files = (
			);
			runOnlyForDeploymentPostprocessing = 0;
		};
/* End PBXSourcesBuildPhase section */

/* Begin PBXTargetDependency section */
		152A78842E9F300800109DBD /* PBXTargetDependency */ = {
			isa = PBXTargetDependency;
			target = 152A78742E9F300700109DBD /* LemonRestaurant-Ch4 */;
			targetProxy = 152A78832E9F300800109DBD /* PBXContainerItemProxy */;
		};
		152A788E2E9F300800109DBD /* PBXTargetDependency */ = {
			isa = PBXTargetDependency;
			target = 152A78742E9F300700109DBD /* LemonRestaurant-Ch4 */;
			targetProxy = 152A788D2E9F300800109DBD /* PBXContainerItemProxy */;
		};
/* End PBXTargetDependency section */

/* Begin XCBuildConfiguration section */
		152A78942E9F300800109DBD /* Debug */ = {
			isa = XCBuildConfiguration;
			buildSettings = {
				ALWAYS_SEARCH_USER_PATHS = NO;
				ASSETCATALOG_COMPILER_GENERATE_SWIFT_ASSET_SYMBOL_EXTENSIONS = YES;
				CLANG_ANALYZER_NONNULL = YES;
				CLANG_ANALYZER_NUMBER_OBJECT_CONVERSION = YES_AGGRESSIVE;
				CLANG_CXX_LANGUAGE_STANDARD = "gnu++20";
				CLANG_ENABLE_MODULES = YES;
				CLANG_ENABLE_OBJC_ARC = YES;
				CLANG_ENABLE_OBJC_WEAK = YES;
				CLANG_WARN_BLOCK_CAPTURE_AUTORELEASING = YES;
				CLANG_WARN_BOOL_CONVERSION = YES;
				CLANG_WARN_COMMA = YES;
				CLANG_WARN_CONSTANT_CONVERSION = YES;
				CLANG_WARN_DEPRECATED_OBJC_IMPLEMENTATIONS = YES;
				CLANG_WARN_DIRECT_OBJC_ISA_USAGE = YES_ERROR;
				CLANG_WARN_DOCUMENTATION_COMMENTS = YES;
				CLANG_WARN_EMPTY_BODY = YES;
				CLANG_WARN_ENUM_CONVERSION = YES;
				CLANG_WARN_INFINITE_RECURSION = YES;
				CLANG_WARN_INT_CONVERSION = YES;
				CLANG_WARN_NON_LITERAL_NULL_CONVERSION = YES;
				CLANG_WARN_OBJC_IMPLICIT_RETAIN_SELF = YES;
				CLANG_WARN_OBJC_LITERAL_CONVERSION = YES;
				CLANG_WARN_OBJC_ROOT_CLASS = YES_ERROR;
				CLANG_WARN_QUOTED_INCLUDE_IN_FRAMEWORK_HEADER = YES;
				CLANG_WARN_RANGE_LOOP_ANALYSIS = YES;
				CLANG_WARN_STRICT_PROTOTYPES = YES;
				CLANG_WARN_SUSPICIOUS_MOVE = YES;
				CLANG_WARN_UNGUARDED_AVAILABILITY = YES_AGGRESSIVE;
				CLANG_WARN_UNREACHABLE_CODE = YES;
				CLANG_WARN__DUPLICATE_METHOD_MATCH = YES;
				COPY_PHASE_STRIP = NO;
				DEBUG_INFORMATION_FORMAT = dwarf;
				ENABLE_STRICT_OBJC_MSGSEND = YES;
				ENABLE_TESTABILITY = YES;
				ENABLE_USER_SCRIPT_SANDBOXING = YES;
				GCC_C_LANGUAGE_STANDARD = gnu17;
				GCC_DYNAMIC_NO_PIC = NO;
				GCC_NO_COMMON_BLOCKS = YES;
				GCC_OPTIMIZATION_LEVEL = 0;
				GCC_PREPROCESSOR_DEFINITIONS = (
					"DEBUG=1",
					"$(inherited)",
				);
				GCC_WARN_64_TO_32_BIT_CONVERSION = YES;
				GCC_WARN_ABOUT_RETURN_TYPE = YES_ERROR;
				GCC_WARN_UNDECLARED_SELECTOR = YES;
				GCC_WARN_UNINITIALIZED_AUTOS = YES_AGGRESSIVE;
				GCC_WARN_UNUSED_FUNCTION = YES;
				GCC_WARN_UNUSED_VARIABLE = YES;
				IPHONEOS_DEPLOYMENT_TARGET = 26.0;
				LOCALIZATION_PREFERS_STRING_CATALOGS = YES;
				MTL_ENABLE_DEBUG_INFO = INCLUDE_SOURCE;
				MTL_FAST_MATH = YES;
				ONLY_ACTIVE_ARCH = YES;
				SDKROOT = iphoneos;
				SWIFT_ACTIVE_COMPILATION_CONDITIONS = "DEBUG $(inherited)";
				SWIFT_OPTIMIZATION_LEVEL = "-Onone";
			};
			name = Debug;
		};
		152A78952E9F300800109DBD /* Release */ = {
			isa = XCBuildConfiguration;
			buildSettings = {
				ALWAYS_SEARCH_USER_PATHS = NO;
				ASSETCATALOG_COMPILER_GENERATE_SWIFT_ASSET_SYMBOL_EXTENSIONS = YES;
				CLANG_ANALYZER_NONNULL = YES;
				CLANG_ANALYZER_NUMBER_OBJECT_CONVERSION = YES_AGGRESSIVE;
				CLANG_CXX_LANGUAGE_STANDARD = "gnu++20";
				CLANG_ENABLE_MODULES = YES;
				CLANG_ENABLE_OBJC_ARC = YES;
				CLANG_ENABLE_OBJC_WEAK = YES;
				CLANG_WARN_BLOCK_CAPTURE_AUTORELEASING = YES;
				CLANG_WARN_BOOL_CONVERSION = YES;
				CLANG_WARN_COMMA = YES;
				CLANG_WARN_CONSTANT_CONVERSION = YES;
				CLANG_WARN_DEPRECATED_OBJC_IMPLEMENTATIONS = YES;
				CLANG_WARN_DIRECT_OBJC_ISA_USAGE = YES_ERROR;
				CLANG_WARN_DOCUMENTATION_COMMENTS = YES;
				CLANG_WARN_EMPTY_BODY = YES;
				CLANG_WARN_ENUM_CONVERSION = YES;
				CLANG_WARN_INFINITE_RECURSION = YES;
				CLANG_WARN_INT_CONVERSION = YES;
				CLANG_WARN_NON_LITERAL_NULL_CONVERSION = YES;
				CLANG_WARN_OBJC_IMPLICIT_RETAIN_SELF = YES;
				CLANG_WARN_OBJC_LITERAL_CONVERSION = YES;
				CLANG_WARN_OBJC_ROOT_CLASS = YES_ERROR;
				CLANG_WARN_QUOTED_INCLUDE_IN_FRAMEWORK_HEADER = YES;
				CLANG_WARN_RANGE_LOOP_ANALYSIS = YES;
				CLANG_WARN_STRICT_PROTOTYPES = YES;
				CLANG_WARN_SUSPICIOUS_MOVE = YES;
				CLANG_WARN_UNGUARDED_AVAILABILITY = YES_AGGRESSIVE;
				CLANG_WARN_UNREACHABLE_CODE = YES;
				CLANG_WARN__DUPLICATE_METHOD_MATCH = YES;
				COPY_PHASE_STRIP = NO;
				DEBUG_INFORMATION_FORMAT = "dwarf-with-dsym";
				ENABLE_NS_ASSERTIONS = NO;
				ENABLE_STRICT_OBJC_MSGSEND = YES;
				ENABLE_USER_SCRIPT_SANDBOXING = YES;
				GCC_C_LANGUAGE_STANDARD = gnu17;
				GCC_NO_COMMON_BLOCKS = YES;
				GCC_WARN_64_TO_32_BIT_CONVERSION = YES;
				GCC_WARN_ABOUT_RETURN_TYPE = YES_ERROR;
				GCC_WARN_UNDECLARED_SELECTOR = YES;
				GCC_WARN_UNINITIALIZED_AUTOS = YES_AGGRESSIVE;
				GCC_WARN_UNUSED_FUNCTION = YES;
				GCC_WARN_UNUSED_VARIABLE = YES;
				IPHONEOS_DEPLOYMENT_TARGET = 26.0;
				LOCALIZATION_PREFERS_STRING_CATALOGS = YES;
				MTL_ENABLE_DEBUG_INFO = NO;
				MTL_FAST_MATH = YES;
				SDKROOT = iphoneos;
				SWIFT_COMPILATION_MODE = wholemodule;
				VALIDATE_PRODUCT = YES;
			};
			name = Release;
		};
		152A78972E9F300800109DBD /* Debug */ = {
			isa = XCBuildConfiguration;
			buildSettings = {
				ASSETCATALOG_COMPILER_APPICON_NAME = AppIcon;
				ASSETCATALOG_COMPILER_GLOBAL_ACCENT_COLOR_NAME = AccentColor;
				CODE_SIGN_STYLE = Automatic;
				CURRENT_PROJECT_VERSION = 1;
				ENABLE_PREVIEWS = YES;
				GENERATE_INFOPLIST_FILE = YES;
				INFOPLIST_KEY_UIApplicationSceneManifest_Generation = YES;
				INFOPLIST_KEY_UIApplicationSupportsIndirectInputEvents = YES;
				INFOPLIST_KEY_UILaunchScreen_Generation = YES;
				INFOPLIST_KEY_UISupportedInterfaceOrientations_iPad = "UIInterfaceOrientationPortrait UIInterfaceOrientationPortraitUpsideDown UIInterfaceOrientationLandscapeLeft UIInterfaceOrientationLandscapeRight";
				INFOPLIST_KEY_UISupportedInterfaceOrientations_iPhone = "UIInterfaceOrientationPortrait UIInterfaceOrientationLandscapeLeft UIInterfaceOrientationLandscapeRight";
				LD_RUNPATH_SEARCH_PATHS = (
					"$(inherited)",
					"@executable_path/Frameworks",
				);
				MARKETING_VERSION = 1.0;
				PRODUCT_BUNDLE_IDENTIFIER = "com.example.app.LemonRestaurant-Ch4";
				PRODUCT_NAME = "$(TARGET_NAME)";
				STRING_CATALOG_GENERATE_SYMBOLS = YES;
				SWIFT_APPROACHABLE_CONCURRENCY = YES;
				SWIFT_DEFAULT_ACTOR_ISOLATION = MainActor;
				SWIFT_EMIT_LOC_STRINGS = YES;
				SWIFT_UPCOMING_FEATURE_MEMBER_IMPORT_VISIBILITY = YES;
				SWIFT_VERSION = 5.0;
				TARGETED_DEVICE_FAMILY = "1,2";
			};
			name = Debug;
		};
		152A78982E9F300800109DBD /* Release */ = {
			isa = XCBuildConfiguration;
			buildSettings = {
				ASSETCATALOG_COMPILER_APPICON_NAME = AppIcon;
				ASSETCATALOG_COMPILER_GLOBAL_ACCENT_COLOR_NAME = AccentColor;
				CODE_SIGN_STYLE = Automatic;
				CURRENT_PROJECT_VERSION = 1;
				ENABLE_PREVIEWS = YES;
				GENERATE_INFOPLIST_FILE = YES;
				INFOPLIST_KEY_UIApplicationSceneManifest_Generation = YES;
				INFOPLIST_KEY_UIApplicationSupportsIndirectInputEvents = YES;
				INFOPLIST_KEY_UILaunchScreen_Generation = YES;
				INFOPLIST_KEY_UISupportedInterfaceOrientations_iPad = "UIInterfaceOrientationPortrait UIInterfaceOrientationPortraitUpsideDown UIInterfaceOrientationLandscapeLeft UIInterfaceOrientationLandscapeRight";
				INFOPLIST_KEY_UISupportedInterfaceOrientations_iPhone = "UIInterfaceOrientationPortrait UIInterfaceOrientationLandscapeLeft UIInterfaceOrientationLandscapeRight";
				LD_RUNPATH_SEARCH_PATHS = (
					"$(inherited)",
					"@executable_path/Frameworks",
				);
				MARKETING_VERSION = 1.0;
				PRODUCT_BUNDLE_IDENTIFIER = "com.example.app.LemonRestaurant-Ch4";
				PRODUCT_NAME = "$(TARGET_NAME)";
				STRING_CATALOG_GENERATE_SYMBOLS = YES;
				SWIFT_APPROACHABLE_CONCURRENCY = YES;
				SWIFT_DEFAULT_ACTOR_ISOLATION = MainActor;
				SWIFT_EMIT_LOC_STRINGS = YES;
				SWIFT_UPCOMING_FEATURE_MEMBER_IMPORT_VISIBILITY = YES;
				SWIFT_VERSION = 5.0;
				TARGETED_DEVICE_FAMILY = "1,2";
			};
			name = Release;
		};
		152A789A2E9F300800109DBD /* Debug */ = {
			isa = XCBuildConfiguration;
			buildSettings = {
				BUNDLE_LOADER = "$(TEST_HOST)";
				CODE_SIGN_STYLE = Automatic;
				CURRENT_PROJECT_VERSION = 1;
				GENERATE_INFOPLIST_FILE = YES;
				IPHONEOS_DEPLOYMENT_TARGET = 26.0;
				MARKETING_VERSION = 1.0;
				PRODUCT_BUNDLE_IDENTIFIER = "com.example.app.LemonRestaurant-Ch4Tests";
				PRODUCT_NAME = "$(TARGET_NAME)";
				STRING_CATALOG_GENERATE_SYMBOLS = NO;
				SWIFT_APPROACHABLE_CONCURRENCY = YES;
				SWIFT_EMIT_LOC_STRINGS = NO;
				SWIFT_UPCOMING_FEATURE_MEMBER_IMPORT_VISIBILITY = YES;
				SWIFT_VERSION = 5.0;
				TARGETED_DEVICE_FAMILY = "1,2";
				TEST_HOST = "$(BUILT_PRODUCTS_DIR)/LemonRestaurant-Ch4.app/$(BUNDLE_EXECUTABLE_FOLDER_PATH)/LemonRestaurant-Ch4";
			};
			name = Debug;
		};
		152A789B2E9F300800109DBD /* Release */ = {
			isa = XCBuildConfiguration;
			buildSettings = {
				BUNDLE_LOADER = "$(TEST_HOST)";
				CODE_SIGN_STYLE = Automatic;
				CURRENT_PROJECT_VERSION = 1;
				GENERATE_INFOPLIST_FILE = YES;
				IPHONEOS_DEPLOYMENT_TARGET = 26.0;
				MARKETING_VERSION = 1.0;
				PRODUCT_BUNDLE_IDENTIFIER = "com.example.app.LemonRestaurant-Ch4Tests";
				PRODUCT_NAME = "$(TARGET_NAME)";
				STRING_CATALOG_GENERATE_SYMBOLS = NO;
				SWIFT_APPROACHABLE_CONCURRENCY = YES;
				SWIFT_EMIT_LOC_STRINGS = NO;
				SWIFT_UPCOMING_FEATURE_MEMBER_IMPORT_VISIBILITY = YES;
				SWIFT_VERSION = 5.0;
				TARGETED_DEVICE_FAMILY = "1,2";
				TEST_HOST = "$(BUILT_PRODUCTS_DIR)/LemonRestaurant-Ch4.app/$(BUNDLE_EXECUTABLE_FOLDER_PATH)/LemonRestaurant-Ch4";
			};
			name = Release;
		};
		152A789D2E9F300800109DBD /* Debug */ = {
			isa = XCBuildConfiguration;
			buildSettings = {
				CODE_SIGN_STYLE = Automatic;
				CURRENT_PROJECT_VERSION = 1;
				GENERATE_INFOPLIST_FILE = YES;
				MARKETING_VERSION = 1.0;
				PRODUCT_BUNDLE_IDENTIFIER = "com.example.app.LemonRestaurant-Ch4UITests";
				PRODUCT_NAME = "$(TARGET_NAME)";
				STRING_CATALOG_GENERATE_SYMBOLS = NO;
				SWIFT_APPROACHABLE_CONCURRENCY = YES;
				SWIFT_EMIT_LOC_STRINGS = NO;
				SWIFT_UPCOMING_FEATURE_MEMBER_IMPORT_VISIBILITY = YES;
				SWIFT_VERSION = 5.0;
				TARGETED_DEVICE_FAMILY = "1,2";
				TEST_TARGET_NAME = "LemonRestaurant-Ch4";
			};
			name = Debug;
		};
		152A789E2E9F300800109DBD /* Release */ = {
			isa = XCBuildConfiguration;
			buildSettings = {
				CODE_SIGN_STYLE = Automatic;
				CURRENT_PROJECT_VERSION = 1;
				GENERATE_INFOPLIST_FILE = YES;
				MARKETING_VERSION = 1.0;
				PRODUCT_BUNDLE_IDENTIFIER = "com.example.app.LemonRestaurant-Ch4UITests";
				PRODUCT_NAME = "$(TARGET_NAME)";
				STRING_CATALOG_GENERATE_SYMBOLS = NO;
				SWIFT_APPROACHABLE_CONCURRENCY = YES;
				SWIFT_EMIT_LOC_STRINGS = NO;
				SWIFT_UPCOMING_FEATURE_MEMBER_IMPORT_VISIBILITY = YES;
				SWIFT_VERSION = 5.0;
				TARGETED_DEVICE_FAMILY = "1,2";
				TEST_TARGET_NAME = "LemonRestaurant-Ch4";
			};
			name = Release;
		};
/* End XCBuildConfiguration section */

/* Begin XCConfigurationList section */
		152A78702E9F300700109DBD /* Build configuration list for PBXProject "LemonRestaurant-Ch4" */ = {
			isa = XCConfigurationList;
			buildConfigurations = (
				152A78942E9F300800109DBD /* Debug */,
				152A78952E9F300800109DBD /* Release */,
			);
			defaultConfigurationIsVisible = 0;
			defaultConfigurationName = Release;
		};
		152A78962E9F300800109DBD /* Build configuration list for PBXNativeTarget "LemonRestaurant-Ch4" */ = {
			isa = XCConfigurationList;
			buildConfigurations = (
				152A78972E9F300800109DBD /* Debug */,
				152A78982E9F300800109DBD /* Release */,
			);
			defaultConfigurationIsVisible = 0;
			defaultConfigurationName = Release;
		};
		152A78992E9F300800109DBD /* Build configuration list for PBXNativeTarget "LemonRestaurant-Ch4Tests" */ = {
			isa = XCConfigurationList;
			buildConfigurations = (
				152A789A2E9F300800109DBD /* Debug */,
				152A789B2E9F300800109DBD /* Release */,
			);
			defaultConfigurationIsVisible = 0;
			defaultConfigurationName = Release;
		};
		152A789C2E9F300800109DBD /* Build configuration list for PBXNativeTarget "LemonRestaurant-Ch4UITests" */ = {
			isa = XCConfigurationList;
			buildConfigurations = (
				152A789D2E9F300800109DBD /* Debug */,
				152A789E2E9F300800109DBD /* Release */,
			);
			defaultConfigurationIsVisible = 0;
			defaultConfigurationName = Release;
		};
/* End XCConfigurationList section */
	};
	rootObject = 152A786D2E9F300700109DBD /* Project object */;
}
